
Microsoft Visual Studio Solution File, Format Version 12.00
# Visual Studio Version 17
VisualStudioVersion = 17.9.34728.123
MinimumVisualStudioVersion = 10.0.40219.1
Project("{FAE04EC0-301F-11D3-BF4B-00C04F79EFBC}") = "MagicVilla_VillaAPI", "MagicVilla_VillaAPI\MagicVilla_VillaAPI.csproj", "{4085370C-62CA-4C5E-99B9-3B7ED85FEBE3}"
EndProject
Global
	GlobalSection(SolutionConfigurationPlatforms) = preSolution
		Debug|Any CPU = Debug|Any CPU
		Release|Any CPU = Release|Any CPU
	EndGlobalSection
	GlobalSection(ProjectConfigurationPlatforms) = postSolution
		{4085370C-62CA-4C5E-99B9-3B7ED85FEBE3}.Debug|Any CPU.ActiveCfg = Debug|Any CPU
		{4085370C-62CA-4C5E-99B9-3B7ED85FEBE3}.Debug|Any CPU.Build.0 = Debug|Any CPU
		{4085370C-62CA-4C5E-99B9-3B7ED85FEBE3}.Release|Any CPU.ActiveCfg = Release|Any CPU
		{4085370C-62CA-4C5E-99B9-3B7ED85FEBE3}.Release|Any CPU.Build.0 = Release|Any CPU
	EndGlobalSection
	GlobalSection(SolutionProperties) = preSolution
		HideSolutionNode = FALSE
	EndGlobalSection
	GlobalSection(ExtensibilityGlobals) = postSolution
		SolutionGuid = {9F56B8EB-672F-4EAC-A76A-0E1761F967CF}
	EndGlobalSection
EndGlobal
